
Microsoft Visual Studio Solution File, Format Version 12.00
# Visual Studio Version 17
VisualStudioVersion = 17.4.33403.182
MinimumVisualStudioVersion = 10.0.40219.1
Project("{FAE04EC0-301F-11D3-BF4B-00C04F79EFBC}") = "B_Torneo", "B_Torneo\B_Torneo.csproj", "{8BC39112-3463-49AD-B328-00007CD74B3B}"
EndProject
Global
	GlobalSection(SolutionConfigurationPlatforms) = preSolution
		Debug|Any CPU = Debug|Any CPU
		Release|Any CPU = Release|Any CPU
	EndGlobalSection
	GlobalSection(ProjectConfigurationPlatforms) = postSolution
		{8BC39112-3463-49AD-B328-00007CD74B3B}.Debug|Any CPU.ActiveCfg = Debug|Any CPU
		{8BC39112-3463-49AD-B328-00007CD74B3B}.Debug|Any CPU.Build.0 = Debug|Any CPU
		{8BC39112-3463-49AD-B328-00007CD74B3B}.Release|Any CPU.ActiveCfg = Release|Any CPU
		{8BC39112-3463-49AD-B328-00007CD74B3B}.Release|Any CPU.Build.0 = Release|Any CPU
	EndGlobalSection
	GlobalSection(SolutionProperties) = preSolution
		HideSolutionNode = FALSE
	EndGlobalSection
	GlobalSection(ExtensibilityGlobals) = postSolution
		SolutionGuid = {6CBC0450-0FC4-4A10-9318-68F7D2C96672}
	EndGlobalSection
EndGlobal
