
Microsoft Visual Studio Solution File, Format Version 12.00
# Visual Studio Version 17
VisualStudioVersion = 17.5.33424.131
MinimumVisualStudioVersion = 10.0.40219.1
Project("{FAE04EC0-301F-11D3-BF4B-00C04F79EFBC}") = "F_Torneo", "F_Torneo\F_Torneo.csproj", "{8A29694A-ED94-4461-AD66-F55F28F6933B}"
EndProject
Global
	GlobalSection(SolutionConfigurationPlatforms) = preSolution
		Debug|Any CPU = Debug|Any CPU
		Release|Any CPU = Release|Any CPU
	EndGlobalSection
	GlobalSection(ProjectConfigurationPlatforms) = postSolution
		{8A29694A-ED94-4461-AD66-F55F28F6933B}.Debug|Any CPU.ActiveCfg = Debug|Any CPU
		{8A29694A-ED94-4461-AD66-F55F28F6933B}.Debug|Any CPU.Build.0 = Debug|Any CPU
		{8A29694A-ED94-4461-AD66-F55F28F6933B}.Release|Any CPU.ActiveCfg = Release|Any CPU
		{8A29694A-ED94-4461-AD66-F55F28F6933B}.Release|Any CPU.Build.0 = Release|Any CPU
	EndGlobalSection
	GlobalSection(SolutionProperties) = preSolution
		HideSolutionNode = FALSE
	EndGlobalSection
	GlobalSection(ExtensibilityGlobals) = postSolution
		SolutionGuid = {7698126C-3064-4A53-B65C-B4C5F10EF077}
	EndGlobalSection
EndGlobal
